
Microsoft Visual Studio Solution File, Format Version 12.00
# Visual Studio Version 16
VisualStudioVersion = 16.0.30002.166
MinimumVisualStudioVersion = 10.0.40219.1
Project("{9A19103F-16F7-4668-BE54-9A1E7A4F7556}") = "Samsonite.Library.Utility", "Samsonite.Library\Samsonite.Library.Utility\Samsonite.Library.Utility.csproj", "{66E5F9CD-9D16-4C24-A102-C8A5E360AF57}"
EndProject
Project("{9A19103F-16F7-4668-BE54-9A1E7A4F7556}") = "Samsonite.Library.Data.Tool", "Samsonite.Library\Samsonite.Library.Data.Tool\Samsonite.Library.Data.Tool.csproj", "{01AC035A-8CD1-42F0-BF34-6F314DB8E1E1}"
EndProject
Project("{2150E333-8FDC-42A3-9474-1A3956D46DE8}") = "1.Samsonite.Library", "1.Samsonite.Library", "{8ACF47DA-CF32-4B87-B7B6-C91A5CF1E8DE}"
EndProject
Project("{2150E333-8FDC-42A3-9474-1A3956D46DE8}") = "Data", "Data", "{D86AB9D7-6AE6-4516-AE2A-1D51D9DDE88C}"
EndProject
Project("{9A19103F-16F7-4668-BE54-9A1E7A4F7556}") = "Samsonite.Library.Data.Entity", "Samsonite.Library\Samsonite.Library.Data.Entity\Samsonite.Library.Data.Entity.csproj", "{5328589C-199A-429C-B4B4-BCD93EB2AA5F}"
EndProject
Project("{2150E333-8FDC-42A3-9474-1A3956D46DE8}") = "Business", "Business", "{A2AB7B97-186D-433D-83A2-261912F590E3}"
EndProject
Project("{9A19103F-16F7-4668-BE54-9A1E7A4F7556}") = "Samsonite.Library.Core", "Samsonite.Library\Samsonite.Library.Core\Samsonite.Library.Core.csproj", "{61B3DA2B-AF0E-4190-84B4-4CF72CC5CC62}"
EndProject
Project("{9A19103F-16F7-4668-BE54-9A1E7A4F7556}") = "Samsonite.Library.Business", "Samsonite.Library\Samsonite.Library.Business\Samsonite.Library.Business.csproj", "{5ED4FD0E-D872-4C25-ADDF-E79701EE84FE}"
EndProject
Project("{9A19103F-16F7-4668-BE54-9A1E7A4F7556}") = "Samsonite.Library.WebApi", "Samsonite.Library\Samsonite.Library.WebApi\Samsonite.Library.WebApi.csproj", "{147C855B-55A6-4D9F-96B2-781D9605B0DE}"
EndProject
Project("{9A19103F-16F7-4668-BE54-9A1E7A4F7556}") = "Samsonite.Library.DependencyInjection", "Samsonite.Library\Samsonite.Library.DependencyInjection\Samsonite.Library.DependencyInjection.csproj", "{0DA522DC-86F7-4310-8580-506CA97BADEE}"
EndProject
Project("{2150E333-8FDC-42A3-9474-1A3956D46DE8}") = "2.Service", "2.Service", "{9B3C94AA-078E-4E02-8192-B1A5B70F6B65}"
EndProject
Project("{2150E333-8FDC-42A3-9474-1A3956D46DE8}") = "3.API", "3.API", "{DD5E48C6-9EB4-4469-95FF-0138CB3E886A}"
EndProject
Project("{9A19103F-16F7-4668-BE54-9A1E7A4F7556}") = "Sassy.API", "Sassy.API\Sassy.API.csproj", "{307239EA-FF25-4018-A759-E642C26E75AE}"
EndProject
Project("{2150E333-8FDC-42A3-9474-1A3956D46DE8}") = "4.APP", "4.APP", "{FB8AA221-3330-40CC-9AC7-6B650FC58098}"
EndProject
Project("{9A19103F-16F7-4668-BE54-9A1E7A4F7556}") = "Sassy.APP", "Sassy.APP\Sassy.APP.csproj", "{5B038CAB-0C19-4019-A71D-91B26C76635E}"
EndProject
Project("{9A19103F-16F7-4668-BE54-9A1E7A4F7556}") = "Samsonite.Library.Service.Core", "Samsonite.Library\Samsonite.Library.Service.Core\Samsonite.Library.Service.Core.csproj", "{B87FA553-0C77-4FD4-83D6-EFBD6A30D8B3}"
EndProject
Project("{9A19103F-16F7-4668-BE54-9A1E7A4F7556}") = "Sassy.Service.WorkService", "Sassy.Service\Sassy.Service.WorkService\Sassy.Service.WorkService.csproj", "{3F1CAAB4-543E-46BC-9016-7FF3C59ABC55}"
EndProject
Project("{9A19103F-16F7-4668-BE54-9A1E7A4F7556}") = "Sassy.Service.Application", "Sassy.Service\Sassy.Service.Application\Sassy.Service.Application.csproj", "{22CB45E7-3E68-4803-9986-AAB1168FDDEF}"
EndProject
Project("{2150E333-8FDC-42A3-9474-1A3956D46DE8}") = "5.Test", "5.Test", "{D30BEA69-BAB1-4DD6-9C37-78114DE0216D}"
EndProject
Project("{9A19103F-16F7-4668-BE54-9A1E7A4F7556}") = "Sassy.Test", "Sassy.Test\Sassy.Test.csproj", "{CD3F5A25-FA8D-4507-8B15-2AF001F1ABC0}"
EndProject
Project("{FAE04EC0-301F-11D3-BF4B-00C04F79EFBC}") = "Samsonite.Library.Basic", "Samsonite.Library\Samsonite.Library.Basic\Samsonite.Library.Basic.csproj", "{0ADA5470-AAC7-46A6-9DC9-FDA6C9AE2313}"
EndProject
Global
	GlobalSection(SolutionConfigurationPlatforms) = preSolution
		Debug|Any CPU = Debug|Any CPU
		Release|Any CPU = Release|Any CPU
	EndGlobalSection
	GlobalSection(ProjectConfigurationPlatforms) = postSolution
		{66E5F9CD-9D16-4C24-A102-C8A5E360AF57}.Debug|Any CPU.ActiveCfg = Debug|Any CPU
		{66E5F9CD-9D16-4C24-A102-C8A5E360AF57}.Debug|Any CPU.Build.0 = Debug|Any CPU
		{66E5F9CD-9D16-4C24-A102-C8A5E360AF57}.Release|Any CPU.ActiveCfg = Release|Any CPU
		{66E5F9CD-9D16-4C24-A102-C8A5E360AF57}.Release|Any CPU.Build.0 = Release|Any CPU
		{01AC035A-8CD1-42F0-BF34-6F314DB8E1E1}.Debug|Any CPU.ActiveCfg = Debug|Any CPU
		{01AC035A-8CD1-42F0-BF34-6F314DB8E1E1}.Debug|Any CPU.Build.0 = Debug|Any CPU
		{01AC035A-8CD1-42F0-BF34-6F314DB8E1E1}.Release|Any CPU.ActiveCfg = Release|Any CPU
		{01AC035A-8CD1-42F0-BF34-6F314DB8E1E1}.Release|Any CPU.Build.0 = Release|Any CPU
		{5328589C-199A-429C-B4B4-BCD93EB2AA5F}.Debug|Any CPU.ActiveCfg = Debug|Any CPU
		{5328589C-199A-429C-B4B4-BCD93EB2AA5F}.Debug|Any CPU.Build.0 = Debug|Any CPU
		{5328589C-199A-429C-B4B4-BCD93EB2AA5F}.Release|Any CPU.ActiveCfg = Release|Any CPU
		{5328589C-199A-429C-B4B4-BCD93EB2AA5F}.Release|Any CPU.Build.0 = Release|Any CPU
		{61B3DA2B-AF0E-4190-84B4-4CF72CC5CC62}.Debug|Any CPU.ActiveCfg = Debug|Any CPU
		{61B3DA2B-AF0E-4190-84B4-4CF72CC5CC62}.Debug|Any CPU.Build.0 = Debug|Any CPU
		{61B3DA2B-AF0E-4190-84B4-4CF72CC5CC62}.Release|Any CPU.ActiveCfg = Release|Any CPU
		{61B3DA2B-AF0E-4190-84B4-4CF72CC5CC62}.Release|Any CPU.Build.0 = Release|Any CPU
		{5ED4FD0E-D872-4C25-ADDF-E79701EE84FE}.Debug|Any CPU.ActiveCfg = Debug|Any CPU
		{5ED4FD0E-D872-4C25-ADDF-E79701EE84FE}.Debug|Any CPU.Build.0 = Debug|Any CPU
		{5ED4FD0E-D872-4C25-ADDF-E79701EE84FE}.Release|Any CPU.ActiveCfg = Release|Any CPU
		{5ED4FD0E-D872-4C25-ADDF-E79701EE84FE}.Release|Any CPU.Build.0 = Release|Any CPU
		{147C855B-55A6-4D9F-96B2-781D9605B0DE}.Debug|Any CPU.ActiveCfg = Debug|Any CPU
		{147C855B-55A6-4D9F-96B2-781D9605B0DE}.Debug|Any CPU.Build.0 = Debug|Any CPU
		{147C855B-55A6-4D9F-96B2-781D9605B0DE}.Release|Any CPU.ActiveCfg = Release|Any CPU
		{147C855B-55A6-4D9F-96B2-781D9605B0DE}.Release|Any CPU.Build.0 = Release|Any CPU
		{0DA522DC-86F7-4310-8580-506CA97BADEE}.Debug|Any CPU.ActiveCfg = Debug|Any CPU
		{0DA522DC-86F7-4310-8580-506CA97BADEE}.Debug|Any CPU.Build.0 = Debug|Any CPU
		{0DA522DC-86F7-4310-8580-506CA97BADEE}.Release|Any CPU.ActiveCfg = Release|Any CPU
		{0DA522DC-86F7-4310-8580-506CA97BADEE}.Release|Any CPU.Build.0 = Release|Any CPU
		{307239EA-FF25-4018-A759-E642C26E75AE}.Debug|Any CPU.ActiveCfg = Debug|Any CPU
		{307239EA-FF25-4018-A759-E642C26E75AE}.Debug|Any CPU.Build.0 = Debug|Any CPU
		{307239EA-FF25-4018-A759-E642C26E75AE}.Release|Any CPU.ActiveCfg = Release|Any CPU
		{307239EA-FF25-4018-A759-E642C26E75AE}.Release|Any CPU.Build.0 = Release|Any CPU
		{5B038CAB-0C19-4019-A71D-91B26C76635E}.Debug|Any CPU.ActiveCfg = Debug|Any CPU
		{5B038CAB-0C19-4019-A71D-91B26C76635E}.Debug|Any CPU.Build.0 = Debug|Any CPU
		{5B038CAB-0C19-4019-A71D-91B26C76635E}.Release|Any CPU.ActiveCfg = Release|Any CPU
		{5B038CAB-0C19-4019-A71D-91B26C76635E}.Release|Any CPU.Build.0 = Release|Any CPU
		{B87FA553-0C77-4FD4-83D6-EFBD6A30D8B3}.Debug|Any CPU.ActiveCfg = Debug|Any CPU
		{B87FA553-0C77-4FD4-83D6-EFBD6A30D8B3}.Debug|Any CPU.Build.0 = Debug|Any CPU
		{B87FA553-0C77-4FD4-83D6-EFBD6A30D8B3}.Release|Any CPU.ActiveCfg = Release|Any CPU
		{B87FA553-0C77-4FD4-83D6-EFBD6A30D8B3}.Release|Any CPU.Build.0 = Release|Any CPU
		{3F1CAAB4-543E-46BC-9016-7FF3C59ABC55}.Debug|Any CPU.ActiveCfg = Debug|Any CPU
		{3F1CAAB4-543E-46BC-9016-7FF3C59ABC55}.Debug|Any CPU.Build.0 = Debug|Any CPU
		{3F1CAAB4-543E-46BC-9016-7FF3C59ABC55}.Release|Any CPU.ActiveCfg = Release|Any CPU
		{3F1CAAB4-543E-46BC-9016-7FF3C59ABC55}.Release|Any CPU.Build.0 = Release|Any CPU
		{22CB45E7-3E68-4803-9986-AAB1168FDDEF}.Debug|Any CPU.ActiveCfg = Debug|Any CPU
		{22CB45E7-3E68-4803-9986-AAB1168FDDEF}.Debug|Any CPU.Build.0 = Debug|Any CPU
		{22CB45E7-3E68-4803-9986-AAB1168FDDEF}.Release|Any CPU.ActiveCfg = Release|Any CPU
		{22CB45E7-3E68-4803-9986-AAB1168FDDEF}.Release|Any CPU.Build.0 = Release|Any CPU
		{CD3F5A25-FA8D-4507-8B15-2AF001F1ABC0}.Debug|Any CPU.ActiveCfg = Debug|Any CPU
		{CD3F5A25-FA8D-4507-8B15-2AF001F1ABC0}.Debug|Any CPU.Build.0 = Debug|Any CPU
		{CD3F5A25-FA8D-4507-8B15-2AF001F1ABC0}.Release|Any CPU.ActiveCfg = Release|Any CPU
		{CD3F5A25-FA8D-4507-8B15-2AF001F1ABC0}.Release|Any CPU.Build.0 = Release|Any CPU
		{0ADA5470-AAC7-46A6-9DC9-FDA6C9AE2313}.Debug|Any CPU.ActiveCfg = Debug|Any CPU
		{0ADA5470-AAC7-46A6-9DC9-FDA6C9AE2313}.Debug|Any CPU.Build.0 = Debug|Any CPU
		{0ADA5470-AAC7-46A6-9DC9-FDA6C9AE2313}.Release|Any CPU.ActiveCfg = Release|Any CPU
		{0ADA5470-AAC7-46A6-9DC9-FDA6C9AE2313}.Release|Any CPU.Build.0 = Release|Any CPU
	EndGlobalSection
	GlobalSection(SolutionProperties) = preSolution
		HideSolutionNode = FALSE
	EndGlobalSection
	GlobalSection(NestedProjects) = preSolution
		{66E5F9CD-9D16-4C24-A102-C8A5E360AF57} = {8ACF47DA-CF32-4B87-B7B6-C91A5CF1E8DE}
		{01AC035A-8CD1-42F0-BF34-6F314DB8E1E1} = {D86AB9D7-6AE6-4516-AE2A-1D51D9DDE88C}
		{D86AB9D7-6AE6-4516-AE2A-1D51D9DDE88C} = {8ACF47DA-CF32-4B87-B7B6-C91A5CF1E8DE}
		{5328589C-199A-429C-B4B4-BCD93EB2AA5F} = {D86AB9D7-6AE6-4516-AE2A-1D51D9DDE88C}
		{A2AB7B97-186D-433D-83A2-261912F590E3} = {8ACF47DA-CF32-4B87-B7B6-C91A5CF1E8DE}
		{61B3DA2B-AF0E-4190-84B4-4CF72CC5CC62} = {A2AB7B97-186D-433D-83A2-261912F590E3}
		{5ED4FD0E-D872-4C25-ADDF-E79701EE84FE} = {A2AB7B97-186D-433D-83A2-261912F590E3}
		{147C855B-55A6-4D9F-96B2-781D9605B0DE} = {A2AB7B97-186D-433D-83A2-261912F590E3}
		{0DA522DC-86F7-4310-8580-506CA97BADEE} = {A2AB7B97-186D-433D-83A2-261912F590E3}
		{307239EA-FF25-4018-A759-E642C26E75AE} = {DD5E48C6-9EB4-4469-95FF-0138CB3E886A}
		{5B038CAB-0C19-4019-A71D-91B26C76635E} = {FB8AA221-3330-40CC-9AC7-6B650FC58098}
		{B87FA553-0C77-4FD4-83D6-EFBD6A30D8B3} = {8ACF47DA-CF32-4B87-B7B6-C91A5CF1E8DE}
		{3F1CAAB4-543E-46BC-9016-7FF3C59ABC55} = {9B3C94AA-078E-4E02-8192-B1A5B70F6B65}
		{22CB45E7-3E68-4803-9986-AAB1168FDDEF} = {9B3C94AA-078E-4E02-8192-B1A5B70F6B65}
		{CD3F5A25-FA8D-4507-8B15-2AF001F1ABC0} = {D30BEA69-BAB1-4DD6-9C37-78114DE0216D}
		{0ADA5470-AAC7-46A6-9DC9-FDA6C9AE2313} = {A2AB7B97-186D-433D-83A2-261912F590E3}
	EndGlobalSection
	GlobalSection(ExtensibilityGlobals) = postSolution
		SolutionGuid = {5E43FA05-25C1-40F4-AD49-D7DB99D3B003}
	EndGlobalSection
EndGlobal
