
Microsoft Visual Studio Solution File, Format Version 12.00
# Visual Studio Version 16
VisualStudioVersion = 16.0.30002.166
MinimumVisualStudioVersion = 10.0.40219.1
Project("{9A19103F-16F7-4668-BE54-9A1E7A4F7556}") = "Samsonite.Library.Utility", "Samsonite.Library\Samsonite.Library.Utility\Samsonite.Library.Utility.csproj", "{66E5F9CD-9D16-4C24-A102-C8A5E360AF57}"
EndProject
Project("{9A19103F-16F7-4668-BE54-9A1E7A4F7556}") = "Samsonite.Library.Data.Tool", "Samsonite.Library\Samsonite.Library.Data.Tool\Samsonite.Library.Data.Tool.csproj", "{01AC035A-8CD1-42F0-BF34-6F314DB8E1E1}"
EndProject
Project("{2150E333-8FDC-42A3-9474-1A3956D46DE8}") = "1.Samsonite.Library", "1.Samsonite.Library", "{8ACF47DA-CF32-4B87-B7B6-C91A5CF1E8DE}"
EndProject
Project("{2150E333-8FDC-42A3-9474-1A3956D46DE8}") = "Data", "Data", "{D86AB9D7-6AE6-4516-AE2A-1D51D9DDE88C}"
EndProject
Project("{9A19103F-16F7-4668-BE54-9A1E7A4F7556}") = "Samsonite.Library.Data.Entity", "Samsonite.Library\Samsonite.Library.Data.Entity\Samsonite.Library.Data.Entity.csproj", "{5328589C-199A-429C-B4B4-BCD93EB2AA5F}"
EndProject
Project("{2150E333-8FDC-42A3-9474-1A3956D46DE8}") = "Business", "Business", "{A2AB7B97-186D-433D-83A2-261912F590E3}"
EndProject
Project("{2150E333-8FDC-42A3-9474-1A3956D46DE8}") = "2.Service", "2.Service", "{9B3C94AA-078E-4E02-8192-B1A5B70F6B65}"
EndProject
Project("{2150E333-8FDC-42A3-9474-1A3956D46DE8}") = "3.API", "3.API", "{DD5E48C6-9EB4-4469-95FF-0138CB3E886A}"
EndProject
Project("{9A19103F-16F7-4668-BE54-9A1E7A4F7556}") = "Sassy.API", "Sassy.API\Sassy.API.csproj", "{307239EA-FF25-4018-A759-E642C26E75AE}"
EndProject
Project("{2150E333-8FDC-42A3-9474-1A3956D46DE8}") = "4.APP", "4.APP", "{FB8AA221-3330-40CC-9AC7-6B650FC58098}"
EndProject
Project("{9A19103F-16F7-4668-BE54-9A1E7A4F7556}") = "Sassy.APP", "Sassy.APP\Sassy.APP.csproj", "{5B038CAB-0C19-4019-A71D-91B26C76635E}"
EndProject
Project("{9A19103F-16F7-4668-BE54-9A1E7A4F7556}") = "Sassy.Service.WorkService", "Sassy.Service\Sassy.Service.WorkService\Sassy.Service.WorkService.csproj", "{3F1CAAB4-543E-46BC-9016-7FF3C59ABC55}"
EndProject
Project("{9A19103F-16F7-4668-BE54-9A1E7A4F7556}") = "Sassy.Service.Application", "Sassy.Service\Sassy.Service.Application\Sassy.Service.Application.csproj", "{22CB45E7-3E68-4803-9986-AAB1168FDDEF}"
EndProject
Project("{2150E333-8FDC-42A3-9474-1A3956D46DE8}") = "5.Test", "5.Test", "{D30BEA69-BAB1-4DD6-9C37-78114DE0216D}"
EndProject
Project("{9A19103F-16F7-4668-BE54-9A1E7A4F7556}") = "Sassy.Test", "Sassy.Test\Sassy.Test.csproj", "{CD3F5A25-FA8D-4507-8B15-2AF001F1ABC0}"
EndProject
Project("{9A19103F-16F7-4668-BE54-9A1E7A4F7556}") = "Samsonite.Library.Web.Core", "Samsonite.Library\Samsonite.Library.Web.Core\Samsonite.Library.Web.Core.csproj", "{BA6D3B64-4C3F-4766-870B-F70473D3FD39}"
EndProject
Project("{9A19103F-16F7-4668-BE54-9A1E7A4F7556}") = "Samsonite.Library.Business.WebApi", "Samsonite.Library\Samsonite.Library.Business.WebApi\Samsonite.Library.Business.WebApi.csproj", "{A1197DA7-6E1A-4913-B387-9934D8800BC6}"
EndProject
Project("{9A19103F-16F7-4668-BE54-9A1E7A4F7556}") = "Samsonite.Library.WebApi.Core", "Samsonite.Library\Samsonite.Library.WebApi.Core\Samsonite.Library.WebApi.Core.csproj", "{FD24EA18-C5E3-4794-A697-E44B47183CAD}"
EndProject
Project("{2150E333-8FDC-42A3-9474-1A3956D46DE8}") = "DependencyInjection", "DependencyInjection", "{ABE7ADBF-F812-429C-B8A5-F4DDC4DB686A}"
EndProject
Project("{FAE04EC0-301F-11D3-BF4B-00C04F79EFBC}") = "Samsonite.Library.Business.WorkService", "Samsonite.Library\Samsonite.Library.Business.WorkService\Samsonite.Library.Business.WorkService.csproj", "{F04CBB0B-5387-4014-8507-B5AE15AA5EA1}"
EndProject
Project("{FAE04EC0-301F-11D3-BF4B-00C04F79EFBC}") = "Samsonite.Library.DependencyInjection.Web", "Samsonite.Library\Samsonite.Library.DependencyInjection.Web\Samsonite.Library.DependencyInjection.Web.csproj", "{FCCCFB2D-7555-4300-8A01-3599154D127A}"
EndProject
Project("{FAE04EC0-301F-11D3-BF4B-00C04F79EFBC}") = "Samsonite.Library.DependencyInjection.WebApi", "Samsonite.Library\Samsonite.Library.DependencyInjection.WebApi\Samsonite.Library.DependencyInjection.WebApi.csproj", "{0A0AD7D2-2501-4ECF-B05F-10F94069A9B6}"
EndProject
Project("{FAE04EC0-301F-11D3-BF4B-00C04F79EFBC}") = "Samsonite.Library.DependencyInjection.WorkService", "Samsonite.Library\Samsonite.Library.DependencyInjection.WorkService\Samsonite.Library.DependencyInjection.WorkService.csproj", "{88F6AF11-FB48-4B88-8B1E-3BE8180BF08C}"
EndProject
Project("{FAE04EC0-301F-11D3-BF4B-00C04F79EFBC}") = "Samsonite.Library.WorkService.Core", "Samsonite.Library\Samsonite.Library.WorkService.Core\Samsonite.Library.WorkService.Core.csproj", "{ABF4BCDC-E5F0-4CAD-AF5B-AD7E77E24CBA}"
EndProject
Project("{FAE04EC0-301F-11D3-BF4B-00C04F79EFBC}") = "Samsonite.Library.Business.Web.Basic", "Samsonite.Library\Samsonite.Library.Business.Web.Basic\Samsonite.Library.Business.Web.Basic.csproj", "{7A5FC1E2-2317-46EE-8D19-DC6E835D89CC}"
EndProject
Project("{FAE04EC0-301F-11D3-BF4B-00C04F79EFBC}") = "Samsonite.Library.Business.Web.Custom", "Samsonite.Library\Samsonite.Library.Business.Web.Custom\Samsonite.Library.Business.Web.Custom.csproj", "{3634DA82-A83B-4750-824F-7FE0220DF384}"
EndProject
Global
	GlobalSection(SolutionConfigurationPlatforms) = preSolution
		Debug|Any CPU = Debug|Any CPU
		Release|Any CPU = Release|Any CPU
	EndGlobalSection
	GlobalSection(ProjectConfigurationPlatforms) = postSolution
		{66E5F9CD-9D16-4C24-A102-C8A5E360AF57}.Debug|Any CPU.ActiveCfg = Debug|Any CPU
		{66E5F9CD-9D16-4C24-A102-C8A5E360AF57}.Debug|Any CPU.Build.0 = Debug|Any CPU
		{66E5F9CD-9D16-4C24-A102-C8A5E360AF57}.Release|Any CPU.ActiveCfg = Release|Any CPU
		{66E5F9CD-9D16-4C24-A102-C8A5E360AF57}.Release|Any CPU.Build.0 = Release|Any CPU
		{01AC035A-8CD1-42F0-BF34-6F314DB8E1E1}.Debug|Any CPU.ActiveCfg = Debug|Any CPU
		{01AC035A-8CD1-42F0-BF34-6F314DB8E1E1}.Debug|Any CPU.Build.0 = Debug|Any CPU
		{01AC035A-8CD1-42F0-BF34-6F314DB8E1E1}.Release|Any CPU.ActiveCfg = Release|Any CPU
		{01AC035A-8CD1-42F0-BF34-6F314DB8E1E1}.Release|Any CPU.Build.0 = Release|Any CPU
		{5328589C-199A-429C-B4B4-BCD93EB2AA5F}.Debug|Any CPU.ActiveCfg = Debug|Any CPU
		{5328589C-199A-429C-B4B4-BCD93EB2AA5F}.Debug|Any CPU.Build.0 = Debug|Any CPU
		{5328589C-199A-429C-B4B4-BCD93EB2AA5F}.Release|Any CPU.ActiveCfg = Release|Any CPU
		{5328589C-199A-429C-B4B4-BCD93EB2AA5F}.Release|Any CPU.Build.0 = Release|Any CPU
		{307239EA-FF25-4018-A759-E642C26E75AE}.Debug|Any CPU.ActiveCfg = Debug|Any CPU
		{307239EA-FF25-4018-A759-E642C26E75AE}.Debug|Any CPU.Build.0 = Debug|Any CPU
		{307239EA-FF25-4018-A759-E642C26E75AE}.Release|Any CPU.ActiveCfg = Release|Any CPU
		{307239EA-FF25-4018-A759-E642C26E75AE}.Release|Any CPU.Build.0 = Release|Any CPU
		{5B038CAB-0C19-4019-A71D-91B26C76635E}.Debug|Any CPU.ActiveCfg = Debug|Any CPU
		{5B038CAB-0C19-4019-A71D-91B26C76635E}.Debug|Any CPU.Build.0 = Debug|Any CPU
		{5B038CAB-0C19-4019-A71D-91B26C76635E}.Release|Any CPU.ActiveCfg = Release|Any CPU
		{5B038CAB-0C19-4019-A71D-91B26C76635E}.Release|Any CPU.Build.0 = Release|Any CPU
		{3F1CAAB4-543E-46BC-9016-7FF3C59ABC55}.Debug|Any CPU.ActiveCfg = Debug|Any CPU
		{3F1CAAB4-543E-46BC-9016-7FF3C59ABC55}.Debug|Any CPU.Build.0 = Debug|Any CPU
		{3F1CAAB4-543E-46BC-9016-7FF3C59ABC55}.Release|Any CPU.ActiveCfg = Release|Any CPU
		{3F1CAAB4-543E-46BC-9016-7FF3C59ABC55}.Release|Any CPU.Build.0 = Release|Any CPU
		{22CB45E7-3E68-4803-9986-AAB1168FDDEF}.Debug|Any CPU.ActiveCfg = Debug|Any CPU
		{22CB45E7-3E68-4803-9986-AAB1168FDDEF}.Debug|Any CPU.Build.0 = Debug|Any CPU
		{22CB45E7-3E68-4803-9986-AAB1168FDDEF}.Release|Any CPU.ActiveCfg = Release|Any CPU
		{22CB45E7-3E68-4803-9986-AAB1168FDDEF}.Release|Any CPU.Build.0 = Release|Any CPU
		{CD3F5A25-FA8D-4507-8B15-2AF001F1ABC0}.Debug|Any CPU.ActiveCfg = Debug|Any CPU
		{CD3F5A25-FA8D-4507-8B15-2AF001F1ABC0}.Debug|Any CPU.Build.0 = Debug|Any CPU
		{CD3F5A25-FA8D-4507-8B15-2AF001F1ABC0}.Release|Any CPU.ActiveCfg = Release|Any CPU
		{CD3F5A25-FA8D-4507-8B15-2AF001F1ABC0}.Release|Any CPU.Build.0 = Release|Any CPU
		{BA6D3B64-4C3F-4766-870B-F70473D3FD39}.Debug|Any CPU.ActiveCfg = Debug|Any CPU
		{BA6D3B64-4C3F-4766-870B-F70473D3FD39}.Debug|Any CPU.Build.0 = Debug|Any CPU
		{BA6D3B64-4C3F-4766-870B-F70473D3FD39}.Release|Any CPU.ActiveCfg = Release|Any CPU
		{BA6D3B64-4C3F-4766-870B-F70473D3FD39}.Release|Any CPU.Build.0 = Release|Any CPU
		{A1197DA7-6E1A-4913-B387-9934D8800BC6}.Debug|Any CPU.ActiveCfg = Debug|Any CPU
		{A1197DA7-6E1A-4913-B387-9934D8800BC6}.Debug|Any CPU.Build.0 = Debug|Any CPU
		{A1197DA7-6E1A-4913-B387-9934D8800BC6}.Release|Any CPU.ActiveCfg = Release|Any CPU
		{A1197DA7-6E1A-4913-B387-9934D8800BC6}.Release|Any CPU.Build.0 = Release|Any CPU
		{FD24EA18-C5E3-4794-A697-E44B47183CAD}.Debug|Any CPU.ActiveCfg = Debug|Any CPU
		{FD24EA18-C5E3-4794-A697-E44B47183CAD}.Debug|Any CPU.Build.0 = Debug|Any CPU
		{FD24EA18-C5E3-4794-A697-E44B47183CAD}.Release|Any CPU.ActiveCfg = Release|Any CPU
		{FD24EA18-C5E3-4794-A697-E44B47183CAD}.Release|Any CPU.Build.0 = Release|Any CPU
		{F04CBB0B-5387-4014-8507-B5AE15AA5EA1}.Debug|Any CPU.ActiveCfg = Debug|Any CPU
		{F04CBB0B-5387-4014-8507-B5AE15AA5EA1}.Debug|Any CPU.Build.0 = Debug|Any CPU
		{F04CBB0B-5387-4014-8507-B5AE15AA5EA1}.Release|Any CPU.ActiveCfg = Release|Any CPU
		{F04CBB0B-5387-4014-8507-B5AE15AA5EA1}.Release|Any CPU.Build.0 = Release|Any CPU
		{FCCCFB2D-7555-4300-8A01-3599154D127A}.Debug|Any CPU.ActiveCfg = Debug|Any CPU
		{FCCCFB2D-7555-4300-8A01-3599154D127A}.Debug|Any CPU.Build.0 = Debug|Any CPU
		{FCCCFB2D-7555-4300-8A01-3599154D127A}.Release|Any CPU.ActiveCfg = Release|Any CPU
		{FCCCFB2D-7555-4300-8A01-3599154D127A}.Release|Any CPU.Build.0 = Release|Any CPU
		{0A0AD7D2-2501-4ECF-B05F-10F94069A9B6}.Debug|Any CPU.ActiveCfg = Debug|Any CPU
		{0A0AD7D2-2501-4ECF-B05F-10F94069A9B6}.Debug|Any CPU.Build.0 = Debug|Any CPU
		{0A0AD7D2-2501-4ECF-B05F-10F94069A9B6}.Release|Any CPU.ActiveCfg = Release|Any CPU
		{0A0AD7D2-2501-4ECF-B05F-10F94069A9B6}.Release|Any CPU.Build.0 = Release|Any CPU
		{88F6AF11-FB48-4B88-8B1E-3BE8180BF08C}.Debug|Any CPU.ActiveCfg = Debug|Any CPU
		{88F6AF11-FB48-4B88-8B1E-3BE8180BF08C}.Debug|Any CPU.Build.0 = Debug|Any CPU
		{88F6AF11-FB48-4B88-8B1E-3BE8180BF08C}.Release|Any CPU.ActiveCfg = Release|Any CPU
		{88F6AF11-FB48-4B88-8B1E-3BE8180BF08C}.Release|Any CPU.Build.0 = Release|Any CPU
		{ABF4BCDC-E5F0-4CAD-AF5B-AD7E77E24CBA}.Debug|Any CPU.ActiveCfg = Debug|Any CPU
		{ABF4BCDC-E5F0-4CAD-AF5B-AD7E77E24CBA}.Debug|Any CPU.Build.0 = Debug|Any CPU
		{ABF4BCDC-E5F0-4CAD-AF5B-AD7E77E24CBA}.Release|Any CPU.ActiveCfg = Release|Any CPU
		{ABF4BCDC-E5F0-4CAD-AF5B-AD7E77E24CBA}.Release|Any CPU.Build.0 = Release|Any CPU
		{7A5FC1E2-2317-46EE-8D19-DC6E835D89CC}.Debug|Any CPU.ActiveCfg = Debug|Any CPU
		{7A5FC1E2-2317-46EE-8D19-DC6E835D89CC}.Debug|Any CPU.Build.0 = Debug|Any CPU
		{7A5FC1E2-2317-46EE-8D19-DC6E835D89CC}.Release|Any CPU.ActiveCfg = Release|Any CPU
		{7A5FC1E2-2317-46EE-8D19-DC6E835D89CC}.Release|Any CPU.Build.0 = Release|Any CPU
		{3634DA82-A83B-4750-824F-7FE0220DF384}.Debug|Any CPU.ActiveCfg = Debug|Any CPU
		{3634DA82-A83B-4750-824F-7FE0220DF384}.Debug|Any CPU.Build.0 = Debug|Any CPU
		{3634DA82-A83B-4750-824F-7FE0220DF384}.Release|Any CPU.ActiveCfg = Release|Any CPU
		{3634DA82-A83B-4750-824F-7FE0220DF384}.Release|Any CPU.Build.0 = Release|Any CPU
	EndGlobalSection
	GlobalSection(SolutionProperties) = preSolution
		HideSolutionNode = FALSE
	EndGlobalSection
	GlobalSection(NestedProjects) = preSolution
		{66E5F9CD-9D16-4C24-A102-C8A5E360AF57} = {8ACF47DA-CF32-4B87-B7B6-C91A5CF1E8DE}
		{01AC035A-8CD1-42F0-BF34-6F314DB8E1E1} = {D86AB9D7-6AE6-4516-AE2A-1D51D9DDE88C}
		{D86AB9D7-6AE6-4516-AE2A-1D51D9DDE88C} = {8ACF47DA-CF32-4B87-B7B6-C91A5CF1E8DE}
		{5328589C-199A-429C-B4B4-BCD93EB2AA5F} = {D86AB9D7-6AE6-4516-AE2A-1D51D9DDE88C}
		{A2AB7B97-186D-433D-83A2-261912F590E3} = {8ACF47DA-CF32-4B87-B7B6-C91A5CF1E8DE}
		{307239EA-FF25-4018-A759-E642C26E75AE} = {DD5E48C6-9EB4-4469-95FF-0138CB3E886A}
		{5B038CAB-0C19-4019-A71D-91B26C76635E} = {FB8AA221-3330-40CC-9AC7-6B650FC58098}
		{3F1CAAB4-543E-46BC-9016-7FF3C59ABC55} = {9B3C94AA-078E-4E02-8192-B1A5B70F6B65}
		{22CB45E7-3E68-4803-9986-AAB1168FDDEF} = {9B3C94AA-078E-4E02-8192-B1A5B70F6B65}
		{CD3F5A25-FA8D-4507-8B15-2AF001F1ABC0} = {D30BEA69-BAB1-4DD6-9C37-78114DE0216D}
		{BA6D3B64-4C3F-4766-870B-F70473D3FD39} = {8ACF47DA-CF32-4B87-B7B6-C91A5CF1E8DE}
		{A1197DA7-6E1A-4913-B387-9934D8800BC6} = {A2AB7B97-186D-433D-83A2-261912F590E3}
		{FD24EA18-C5E3-4794-A697-E44B47183CAD} = {8ACF47DA-CF32-4B87-B7B6-C91A5CF1E8DE}
		{ABE7ADBF-F812-429C-B8A5-F4DDC4DB686A} = {8ACF47DA-CF32-4B87-B7B6-C91A5CF1E8DE}
		{F04CBB0B-5387-4014-8507-B5AE15AA5EA1} = {A2AB7B97-186D-433D-83A2-261912F590E3}
		{FCCCFB2D-7555-4300-8A01-3599154D127A} = {ABE7ADBF-F812-429C-B8A5-F4DDC4DB686A}
		{0A0AD7D2-2501-4ECF-B05F-10F94069A9B6} = {ABE7ADBF-F812-429C-B8A5-F4DDC4DB686A}
		{88F6AF11-FB48-4B88-8B1E-3BE8180BF08C} = {ABE7ADBF-F812-429C-B8A5-F4DDC4DB686A}
		{ABF4BCDC-E5F0-4CAD-AF5B-AD7E77E24CBA} = {8ACF47DA-CF32-4B87-B7B6-C91A5CF1E8DE}
		{7A5FC1E2-2317-46EE-8D19-DC6E835D89CC} = {A2AB7B97-186D-433D-83A2-261912F590E3}
		{3634DA82-A83B-4750-824F-7FE0220DF384} = {A2AB7B97-186D-433D-83A2-261912F590E3}
	EndGlobalSection
	GlobalSection(ExtensibilityGlobals) = postSolution
		SolutionGuid = {5E43FA05-25C1-40F4-AD49-D7DB99D3B003}
	EndGlobalSection
EndGlobal
